// !$*UTF8*$!
{
	archiveVersion = 1;
	classes = {
	};
	objectVersion = 56;
	objects = {

/* Begin PBXBuildFile section */
		8211ED902C557CD2007E901E /* MealResponse.swift in Sources */ = {isa = PBXBuildFile; fileRef = 8211ED8F2C557CD2007E901E /* MealResponse.swift */; };
		8211ED922C557CEE007E901E /* MealRecipeResponse.swift in Sources */ = {isa = PBXBuildFile; fileRef = 8211ED912C557CEE007E901E /* MealRecipeResponse.swift */; };
		825A64412C65757800A60C6E /* MealRecipePresenter.swift in Sources */ = {isa = PBXBuildFile; fileRef = 825A64402C65757800A60C6E /* MealRecipePresenter.swift */; };
		825A64442C6578EA00A60C6E /* WebSourceViewController.swift in Sources */ = {isa = PBXBuildFile; fileRef = 825A64432C6578EA00A60C6E /* WebSourceViewController.swift */; };
		8266A4B12C4FF162007939B1 /* AppDelegate.swift in Sources */ = {isa = PBXBuildFile; fileRef = 8266A4B02C4FF162007939B1 /* AppDelegate.swift */; };
		8266A4B32C4FF162007939B1 /* SceneDelegate.swift in Sources */ = {isa = PBXBuildFile; fileRef = 8266A4B22C4FF162007939B1 /* SceneDelegate.swift */; };
		8266A4B52C4FF162007939B1 /* MealListViewController.swift in Sources */ = {isa = PBXBuildFile; fileRef = 8266A4B42C4FF162007939B1 /* MealListViewController.swift */; };
		8266A4BA2C4FF168007939B1 /* Assets.xcassets in Resources */ = {isa = PBXBuildFile; fileRef = 8266A4B92C4FF168007939B1 /* Assets.xcassets */; };
		8266A4BD2C4FF168007939B1 /* Base in Resources */ = {isa = PBXBuildFile; fileRef = 8266A4BC2C4FF168007939B1 /* Base */; };
		82A44D872C51882C00324CF6 /* MealRecipe.swift in Sources */ = {isa = PBXBuildFile; fileRef = 82A44D862C51882C00324CF6 /* MealRecipe.swift */; };
		82A44D892C51885D00324CF6 /* MealInfo.swift in Sources */ = {isa = PBXBuildFile; fileRef = 82A44D882C51885D00324CF6 /* MealInfo.swift */; };
		82A44D8B2C518BCD00324CF6 /* MealListPresenter.swift in Sources */ = {isa = PBXBuildFile; fileRef = 82A44D8A2C518BCD00324CF6 /* MealListPresenter.swift */; };
		82A44D8E2C519B6400324CF6 /* NetworkService.swift in Sources */ = {isa = PBXBuildFile; fileRef = 82A44D8D2C519B6400324CF6 /* NetworkService.swift */; };
		82A44D942C523D6D00324CF6 /* ModuleBullder.swift in Sources */ = {isa = PBXBuildFile; fileRef = 82A44D932C523D6D00324CF6 /* ModuleBullder.swift */; };
		82A44DA82C5269F500324CF6 /* DataModel.xcdatamodeld in Sources */ = {isa = PBXBuildFile; fileRef = 82A44DA62C5269F500324CF6 /* DataModel.xcdatamodeld */; };
		82A44DAC2C526A4D00324CF6 /* DataManager.swift in Sources */ = {isa = PBXBuildFile; fileRef = 82A44DAB2C526A4D00324CF6 /* DataManager.swift */; };
		82A44DAF2C526A8B00324CF6 /* Meal+CoreDataClass.swift in Sources */ = {isa = PBXBuildFile; fileRef = 82A44DAD2C526A8B00324CF6 /* Meal+CoreDataClass.swift */; };
		82A44DB02C526A8B00324CF6 /* Meal+CoreDataProperties.swift in Sources */ = {isa = PBXBuildFile; fileRef = 82A44DAE2C526A8B00324CF6 /* Meal+CoreDataProperties.swift */; };
		82A44DD52C54243700324CF6 /* MealCollectionViewCell.swift in Sources */ = {isa = PBXBuildFile; fileRef = 82A44DD42C54243700324CF6 /* MealCollectionViewCell.swift */; };
		82A80EAB2C664263005CDDB5 /* Extensions.swift in Sources */ = {isa = PBXBuildFile; fileRef = 82A80EAA2C664263005CDDB5 /* Extensions.swift */; };
		82A80EB02C6645B4005CDDB5 /* MealListConstants.swift in Sources */ = {isa = PBXBuildFile; fileRef = 82A80EAF2C6645B4005CDDB5 /* MealListConstants.swift */; };
		82A80EB32C6647EF005CDDB5 /* MealRecipeConstants.swift in Sources */ = {isa = PBXBuildFile; fileRef = 82A80EB22C6647EF005CDDB5 /* MealRecipeConstants.swift */; };
		82A80EB72C692751005CDDB5 /* ActivityIndicatorCollectionViewCell.swift in Sources */ = {isa = PBXBuildFile; fileRef = 82A80EB62C692751005CDDB5 /* ActivityIndicatorCollectionViewCell.swift */; };
		82A925292C714E6700DE0138 /* ViewState.swift in Sources */ = {isa = PBXBuildFile; fileRef = 82A925282C714E6700DE0138 /* ViewState.swift */; };
		82D0034F2C64023200D604A1 /* MealRecipeViewController.swift in Sources */ = {isa = PBXBuildFile; fileRef = 82D0034E2C64023200D604A1 /* MealRecipeViewController.swift */; };
		82FBDE862C65403C00E32AC1 /* Router.swift in Sources */ = {isa = PBXBuildFile; fileRef = 82FBDE852C65403C00E32AC1 /* Router.swift */; };
/* End PBXBuildFile section */

/* Begin PBXFileReference section */
		8211ED8F2C557CD2007E901E /* MealResponse.swift */ = {isa = PBXFileReference; lastKnownFileType = sourcecode.swift; name = MealResponse.swift; path = ../../../../../../../Documents/MealResponse.swift; sourceTree = "<group>"; };
		8211ED912C557CEE007E901E /* MealRecipeResponse.swift */ = {isa = PBXFileReference; lastKnownFileType = sourcecode.swift; name = MealRecipeResponse.swift; path = ../../../../../../../Documents/MealRecipeResponse.swift; sourceTree = "<group>"; };
		825A64402C65757800A60C6E /* MealRecipePresenter.swift */ = {isa = PBXFileReference; lastKnownFileType = sourcecode.swift; path = MealRecipePresenter.swift; sourceTree = "<group>"; };
		825A64432C6578EA00A60C6E /* WebSourceViewController.swift */ = {isa = PBXFileReference; lastKnownFileType = sourcecode.swift; path = WebSourceViewController.swift; sourceTree = "<group>"; };
		8266A4AD2C4FF162007939B1 /* RecipeApp.app */ = {isa = PBXFileReference; explicitFileType = wrapper.application; includeInIndex = 0; path = RecipeApp.app; sourceTree = BUILT_PRODUCTS_DIR; };
		8266A4B02C4FF162007939B1 /* AppDelegate.swift */ = {isa = PBXFileReference; lastKnownFileType = sourcecode.swift; path = AppDelegate.swift; sourceTree = "<group>"; };
		8266A4B22C4FF162007939B1 /* SceneDelegate.swift */ = {isa = PBXFileReference; lastKnownFileType = sourcecode.swift; path = SceneDelegate.swift; sourceTree = "<group>"; };
		8266A4B42C4FF162007939B1 /* MealListViewController.swift */ = {isa = PBXFileReference; lastKnownFileType = sourcecode.swift; path = MealListViewController.swift; sourceTree = "<group>"; };
		8266A4B92C4FF168007939B1 /* Assets.xcassets */ = {isa = PBXFileReference; lastKnownFileType = folder.assetcatalog; path = Assets.xcassets; sourceTree = "<group>"; };
		8266A4BC2C4FF168007939B1 /* Base */ = {isa = PBXFileReference; lastKnownFileType = file.storyboard; name = Base; path = Base.lproj/LaunchScreen.storyboard; sourceTree = "<group>"; };
		8266A4BE2C4FF168007939B1 /* Info.plist */ = {isa = PBXFileReference; lastKnownFileType = text.plist.xml; path = Info.plist; sourceTree = "<group>"; };
		82A44D862C51882C00324CF6 /* MealRecipe.swift */ = {isa = PBXFileReference; lastKnownFileType = sourcecode.swift; path = MealRecipe.swift; sourceTree = "<group>"; };
		82A44D882C51885D00324CF6 /* MealInfo.swift */ = {isa = PBXFileReference; lastKnownFileType = sourcecode.swift; path = MealInfo.swift; sourceTree = "<group>"; };
		82A44D8A2C518BCD00324CF6 /* MealListPresenter.swift */ = {isa = PBXFileReference; lastKnownFileType = sourcecode.swift; path = MealListPresenter.swift; sourceTree = "<group>"; };
		82A44D8D2C519B6400324CF6 /* NetworkService.swift */ = {isa = PBXFileReference; lastKnownFileType = sourcecode.swift; path = NetworkService.swift; sourceTree = "<group>"; };
		82A44D932C523D6D00324CF6 /* ModuleBullder.swift */ = {isa = PBXFileReference; lastKnownFileType = sourcecode.swift; path = ModuleBullder.swift; sourceTree = "<group>"; };
		82A44DA72C5269F500324CF6 /* DataModel.xcdatamodel */ = {isa = PBXFileReference; lastKnownFileType = wrapper.xcdatamodel; path = DataModel.xcdatamodel; sourceTree = "<group>"; };
		82A44DAB2C526A4D00324CF6 /* DataManager.swift */ = {isa = PBXFileReference; lastKnownFileType = sourcecode.swift; path = DataManager.swift; sourceTree = "<group>"; };
		82A44DAD2C526A8B00324CF6 /* Meal+CoreDataClass.swift */ = {isa = PBXFileReference; lastKnownFileType = sourcecode.swift; path = "Meal+CoreDataClass.swift"; sourceTree = "<group>"; };
		82A44DAE2C526A8B00324CF6 /* Meal+CoreDataProperties.swift */ = {isa = PBXFileReference; lastKnownFileType = sourcecode.swift; path = "Meal+CoreDataProperties.swift"; sourceTree = "<group>"; };
		82A44DD42C54243700324CF6 /* MealCollectionViewCell.swift */ = {isa = PBXFileReference; lastKnownFileType = sourcecode.swift; path = MealCollectionViewCell.swift; sourceTree = "<group>"; };
		82A80EAA2C664263005CDDB5 /* Extensions.swift */ = {isa = PBXFileReference; lastKnownFileType = sourcecode.swift; path = Extensions.swift; sourceTree = "<group>"; };
		82A80EAF2C6645B4005CDDB5 /* MealListConstants.swift */ = {isa = PBXFileReference; lastKnownFileType = sourcecode.swift; path = MealListConstants.swift; sourceTree = "<group>"; };
		82A80EB22C6647EF005CDDB5 /* MealRecipeConstants.swift */ = {isa = PBXFileReference; lastKnownFileType = sourcecode.swift; path = MealRecipeConstants.swift; sourceTree = "<group>"; };
		82A80EB62C692751005CDDB5 /* ActivityIndicatorCollectionViewCell.swift */ = {isa = PBXFileReference; lastKnownFileType = sourcecode.swift; path = ActivityIndicatorCollectionViewCell.swift; sourceTree = "<group>"; };
		82A925282C714E6700DE0138 /* ViewState.swift */ = {isa = PBXFileReference; lastKnownFileType = sourcecode.swift; name = ViewState.swift; path = Presenter/ViewState.swift; sourceTree = "<group>"; };
		82D0034E2C64023200D604A1 /* MealRecipeViewController.swift */ = {isa = PBXFileReference; lastKnownFileType = sourcecode.swift; path = MealRecipeViewController.swift; sourceTree = "<group>"; };
		82FBDE852C65403C00E32AC1 /* Router.swift */ = {isa = PBXFileReference; lastKnownFileType = sourcecode.swift; path = Router.swift; sourceTree = "<group>"; };
/* End PBXFileReference section */

/* Begin PBXFrameworksBuildPhase section */
		8266A4AA2C4FF162007939B1 /* Frameworks */ = {
			isa = PBXFrameworksBuildPhase;
			buildActionMask = 2147483647;
			files = (
			);
			runOnlyForDeploymentPostprocessing = 0;
		};
/* End PBXFrameworksBuildPhase section */

/* Begin PBXGroup section */
		8211ED8D2C557CAA007E901E /* NetworkLayer */ = {
			isa = PBXGroup;
			children = (
				8211ED8E2C557CBA007E901E /* NetworkResponses */,
				82A44D8D2C519B6400324CF6 /* NetworkService.swift */,
			);
			path = NetworkLayer;
			sourceTree = "<group>";
		};
		8211ED8E2C557CBA007E901E /* NetworkResponses */ = {
			isa = PBXGroup;
			children = (
				8211ED8F2C557CD2007E901E /* MealResponse.swift */,
				8211ED912C557CEE007E901E /* MealRecipeResponse.swift */,
			);
			path = NetworkResponses;
			sourceTree = "<group>";
		};
		825A643F2C65756300A60C6E /* Presenter */ = {
			isa = PBXGroup;
			children = (
				825A64402C65757800A60C6E /* MealRecipePresenter.swift */,
			);
			path = Presenter;
			sourceTree = "<group>";
		};
		825A64422C6578CC00A60C6E /* WebSourceModule */ = {
			isa = PBXGroup;
			children = (
				825A64432C6578EA00A60C6E /* WebSourceViewController.swift */,
			);
			path = WebSourceModule;
			sourceTree = "<group>";
		};
		825A64452C65793400A60C6E /* Modules */ = {
			isa = PBXGroup;
			children = (
				825A64422C6578CC00A60C6E /* WebSourceModule */,
				82A44D812C5186E800324CF6 /* MealRecipeModule */,
				82A44D822C51871400324CF6 /* MealListModule */,
			);
			path = Modules;
			sourceTree = "<group>";
		};
		8266A4A42C4FF162007939B1 = {
			isa = PBXGroup;
			children = (
				8266A4AF2C4FF162007939B1 /* RecipeApp */,
				8266A4AE2C4FF162007939B1 /* Products */,
			);
			sourceTree = "<group>";
		};
		8266A4AE2C4FF162007939B1 /* Products */ = {
			isa = PBXGroup;
			children = (
				8266A4AD2C4FF162007939B1 /* RecipeApp.app */,
			);
			name = Products;
			sourceTree = "<group>";
		};
		8266A4AF2C4FF162007939B1 /* RecipeApp */ = {
			isa = PBXGroup;
			children = (
				8266A4B02C4FF162007939B1 /* AppDelegate.swift */,
				8266A4B22C4FF162007939B1 /* SceneDelegate.swift */,
				825A64452C65793400A60C6E /* Modules */,
				82FBDE852C65403C00E32AC1 /* Router.swift */,
				82A44D932C523D6D00324CF6 /* ModuleBullder.swift */,
				82A44DAB2C526A4D00324CF6 /* DataManager.swift */,
				8211ED8D2C557CAA007E901E /* NetworkLayer */,
				82A44DA62C5269F500324CF6 /* DataModel.xcdatamodeld */,
				82A80EAE2C6642CB005CDDB5 /* Other */,
				8266A4B92C4FF168007939B1 /* Assets.xcassets */,
				8266A4BB2C4FF168007939B1 /* LaunchScreen.storyboard */,
				8266A4BE2C4FF168007939B1 /* Info.plist */,
			);
			path = RecipeApp;
			sourceTree = "<group>";
		};
		82A44D802C51868600324CF6 /* Model */ = {
			isa = PBXGroup;
			children = (
				82A44D862C51882C00324CF6 /* MealRecipe.swift */,
			);
			path = Model;
			sourceTree = "<group>";
		};
		82A44D812C5186E800324CF6 /* MealRecipeModule */ = {
			isa = PBXGroup;
			children = (
				82A44D802C51868600324CF6 /* Model */,
				82D0034D2C6401E700D604A1 /* View */,
				825A643F2C65756300A60C6E /* Presenter */,
			);
			path = MealRecipeModule;
			sourceTree = "<group>";
		};
		82A44D822C51871400324CF6 /* MealListModule */ = {
			isa = PBXGroup;
			children = (
				82A44D852C51873900324CF6 /* Model */,
				82A44D832C51871F00324CF6 /* View */,
				82A44D842C51872900324CF6 /* Presenter */,
				82A925282C714E6700DE0138 /* ViewState.swift */,
			);
			path = MealListModule;
			sourceTree = "<group>";
		};
		82A44D832C51871F00324CF6 /* View */ = {
			isa = PBXGroup;
			children = (
				8266A4B42C4FF162007939B1 /* MealListViewController.swift */,
				82A44DD42C54243700324CF6 /* MealCollectionViewCell.swift */,
				82A80EB62C692751005CDDB5 /* ActivityIndicatorCollectionViewCell.swift */,
			);
			path = View;
			sourceTree = "<group>";
		};
		82A44D842C51872900324CF6 /* Presenter */ = {
			isa = PBXGroup;
			children = (
				82A44D8A2C518BCD00324CF6 /* MealListPresenter.swift */,
			);
			path = Presenter;
			sourceTree = "<group>";
		};
		82A44D852C51873900324CF6 /* Model */ = {
			isa = PBXGroup;
			children = (
				82A44DAD2C526A8B00324CF6 /* Meal+CoreDataClass.swift */,
				82A44DAE2C526A8B00324CF6 /* Meal+CoreDataProperties.swift */,
				82A44D882C51885D00324CF6 /* MealInfo.swift */,
			);
			path = Model;
			sourceTree = "<group>";
		};
		82A80EAE2C6642CB005CDDB5 /* Other */ = {
			isa = PBXGroup;
			children = (
				82A80EB12C6647D0005CDDB5 /* Constants */,
				82A80EAA2C664263005CDDB5 /* Extensions.swift */,
			);
			path = Other;
			sourceTree = "<group>";
		};
		82A80EB12C6647D0005CDDB5 /* Constants */ = {
			isa = PBXGroup;
			children = (
				82A80EAF2C6645B4005CDDB5 /* MealListConstants.swift */,
				82A80EB22C6647EF005CDDB5 /* MealRecipeConstants.swift */,
			);
			path = Constants;
			sourceTree = "<group>";
		};
		82D0034D2C6401E700D604A1 /* View */ = {
			isa = PBXGroup;
			children = (
				82D0034E2C64023200D604A1 /* MealRecipeViewController.swift */,
			);
			path = View;
			sourceTree = "<group>";
		};
/* End PBXGroup section */

/* Begin PBXNativeTarget section */
		8266A4AC2C4FF162007939B1 /* RecipeApp */ = {
			isa = PBXNativeTarget;
			buildConfigurationList = 8266A4C12C4FF168007939B1 /* Build configuration list for PBXNativeTarget "RecipeApp" */;
			buildPhases = (
				8266A4A92C4FF162007939B1 /* Sources */,
				8266A4AA2C4FF162007939B1 /* Frameworks */,
				8266A4AB2C4FF162007939B1 /* Resources */,
			);
			buildRules = (
			);
			dependencies = (
			);
			name = RecipeApp;
			productName = RecipeApp;
			productReference = 8266A4AD2C4FF162007939B1 /* RecipeApp.app */;
			productType = "com.apple.product-type.application";
		};
/* End PBXNativeTarget section */

/* Begin PBXProject section */
		8266A4A52C4FF162007939B1 /* Project object */ = {
			isa = PBXProject;
			attributes = {
				BuildIndependentTargetsInParallel = 1;
				LastSwiftUpdateCheck = 1540;
				LastUpgradeCheck = 1540;
				TargetAttributes = {
					8266A4AC2C4FF162007939B1 = {
						CreatedOnToolsVersion = 15.4;
					};
				};
			};
			buildConfigurationList = 8266A4A82C4FF162007939B1 /* Build configuration list for PBXProject "RecipeApp" */;
			compatibilityVersion = "Xcode 14.0";
			developmentRegion = en;
			hasScannedForEncodings = 0;
			knownRegions = (
				en,
				Base,
			);
			mainGroup = 8266A4A42C4FF162007939B1;
			productRefGroup = 8266A4AE2C4FF162007939B1 /* Products */;
			projectDirPath = "";
			projectRoot = "";
			targets = (
				8266A4AC2C4FF162007939B1 /* RecipeApp */,
			);
		};
/* End PBXProject section */

/* Begin PBXResourcesBuildPhase section */
		8266A4AB2C4FF162007939B1 /* Resources */ = {
			isa = PBXResourcesBuildPhase;
			buildActionMask = 2147483647;
			files = (
				8266A4BA2C4FF168007939B1 /* Assets.xcassets in Resources */,
				8266A4BD2C4FF168007939B1 /* Base in Resources */,
			);
			runOnlyForDeploymentPostprocessing = 0;
		};
/* End PBXResourcesBuildPhase section */

/* Begin PBXSourcesBuildPhase section */
		8266A4A92C4FF162007939B1 /* Sources */ = {
			isa = PBXSourcesBuildPhase;
			buildActionMask = 2147483647;
			files = (
				82A80EB32C6647EF005CDDB5 /* MealRecipeConstants.swift in Sources */,
				8266A4B52C4FF162007939B1 /* MealListViewController.swift in Sources */,
				82A44DAC2C526A4D00324CF6 /* DataManager.swift in Sources */,
				82A80EB02C6645B4005CDDB5 /* MealListConstants.swift in Sources */,
				82A44DD52C54243700324CF6 /* MealCollectionViewCell.swift in Sources */,
				82A44D892C51885D00324CF6 /* MealInfo.swift in Sources */,
				82FBDE862C65403C00E32AC1 /* Router.swift in Sources */,
				82A44D942C523D6D00324CF6 /* ModuleBullder.swift in Sources */,
				825A64442C6578EA00A60C6E /* WebSourceViewController.swift in Sources */,
				8266A4B12C4FF162007939B1 /* AppDelegate.swift in Sources */,
				825A64412C65757800A60C6E /* MealRecipePresenter.swift in Sources */,
				82A44D872C51882C00324CF6 /* MealRecipe.swift in Sources */,
				8266A4B32C4FF162007939B1 /* SceneDelegate.swift in Sources */,
				82A44DA82C5269F500324CF6 /* DataModel.xcdatamodeld in Sources */,
				82A925292C714E6700DE0138 /* ViewState.swift in Sources */,
				8211ED902C557CD2007E901E /* MealResponse.swift in Sources */,
				82A44DAF2C526A8B00324CF6 /* Meal+CoreDataClass.swift in Sources */,
				8211ED922C557CEE007E901E /* MealRecipeResponse.swift in Sources */,
				82A80EAB2C664263005CDDB5 /* Extensions.swift in Sources */,
				82A44DB02C526A8B00324CF6 /* Meal+CoreDataProperties.swift in Sources */,
				82A80EB72C692751005CDDB5 /* ActivityIndicatorCollectionViewCell.swift in Sources */,
				82A44D8B2C518BCD00324CF6 /* MealListPresenter.swift in Sources */,
				82A44D8E2C519B6400324CF6 /* NetworkService.swift in Sources */,
				82D0034F2C64023200D604A1 /* MealRecipeViewController.swift in Sources */,
			);
			runOnlyForDeploymentPostprocessing = 0;
		};
/* End PBXSourcesBuildPhase section */

/* Begin PBXVariantGroup section */
		8266A4BB2C4FF168007939B1 /* LaunchScreen.storyboard */ = {
			isa = PBXVariantGroup;
			children = (
				8266A4BC2C4FF168007939B1 /* Base */,
			);
			name = LaunchScreen.storyboard;
			sourceTree = "<group>";
		};
/* End PBXVariantGroup section */

/* Begin XCBuildConfiguration section */
		8266A4BF2C4FF168007939B1 /* Debug */ = {
			isa = XCBuildConfiguration;
			buildSettings = {
				ALWAYS_SEARCH_USER_PATHS = NO;
				ASSETCATALOG_COMPILER_GENERATE_SWIFT_ASSET_SYMBOL_EXTENSIONS = YES;
				CLANG_ANALYZER_NONNULL = YES;
				CLANG_ANALYZER_NUMBER_OBJECT_CONVERSION = YES_AGGRESSIVE;
				CLANG_CXX_LANGUAGE_STANDARD = "gnu++20";
				CLANG_ENABLE_MODULES = YES;
				CLANG_ENABLE_OBJC_ARC = YES;
				CLANG_ENABLE_OBJC_WEAK = YES;
				CLANG_WARN_BLOCK_CAPTURE_AUTORELEASING = YES;
				CLANG_WARN_BOOL_CONVERSION = YES;
				CLANG_WARN_COMMA = YES;
				CLANG_WARN_CONSTANT_CONVERSION = YES;
				CLANG_WARN_DEPRECATED_OBJC_IMPLEMENTATIONS = YES;
				CLANG_WARN_DIRECT_OBJC_ISA_USAGE = YES_ERROR;
				CLANG_WARN_DOCUMENTATION_COMMENTS = YES;
				CLANG_WARN_EMPTY_BODY = YES;
				CLANG_WARN_ENUM_CONVERSION = YES;
				CLANG_WARN_INFINITE_RECURSION = YES;
				CLANG_WARN_INT_CONVERSION = YES;
				CLANG_WARN_NON_LITERAL_NULL_CONVERSION = YES;
				CLANG_WARN_OBJC_IMPLICIT_RETAIN_SELF = YES;
				CLANG_WARN_OBJC_LITERAL_CONVERSION = YES;
				CLANG_WARN_OBJC_ROOT_CLASS = YES_ERROR;
				CLANG_WARN_QUOTED_INCLUDE_IN_FRAMEWORK_HEADER = YES;
				CLANG_WARN_RANGE_LOOP_ANALYSIS = YES;
				CLANG_WARN_STRICT_PROTOTYPES = YES;
				CLANG_WARN_SUSPICIOUS_MOVE = YES;
				CLANG_WARN_UNGUARDED_AVAILABILITY = YES_AGGRESSIVE;
				CLANG_WARN_UNREACHABLE_CODE = YES;
				CLANG_WARN__DUPLICATE_METHOD_MATCH = YES;
				COPY_PHASE_STRIP = NO;
				DEBUG_INFORMATION_FORMAT = dwarf;
				ENABLE_STRICT_OBJC_MSGSEND = YES;
				ENABLE_TESTABILITY = YES;
				ENABLE_USER_SCRIPT_SANDBOXING = YES;
				GCC_C_LANGUAGE_STANDARD = gnu17;
				GCC_DYNAMIC_NO_PIC = NO;
				GCC_NO_COMMON_BLOCKS = YES;
				GCC_OPTIMIZATION_LEVEL = 0;
				GCC_PREPROCESSOR_DEFINITIONS = (
					"DEBUG=1",
					"$(inherited)",
				);
				GCC_WARN_64_TO_32_BIT_CONVERSION = YES;
				GCC_WARN_ABOUT_RETURN_TYPE = YES_ERROR;
				GCC_WARN_UNDECLARED_SELECTOR = YES;
				GCC_WARN_UNINITIALIZED_AUTOS = YES_AGGRESSIVE;
				GCC_WARN_UNUSED_FUNCTION = YES;
				GCC_WARN_UNUSED_VARIABLE = YES;
				IPHONEOS_DEPLOYMENT_TARGET = 17.5;
				LOCALIZATION_PREFERS_STRING_CATALOGS = YES;
				MTL_ENABLE_DEBUG_INFO = INCLUDE_SOURCE;
				MTL_FAST_MATH = YES;
				ONLY_ACTIVE_ARCH = YES;
				SDKROOT = iphoneos;
				SWIFT_ACTIVE_COMPILATION_CONDITIONS = "DEBUG $(inherited)";
				SWIFT_OPTIMIZATION_LEVEL = "-Onone";
			};
			name = Debug;
		};
		8266A4C02C4FF168007939B1 /* Release */ = {
			isa = XCBuildConfiguration;
			buildSettings = {
				ALWAYS_SEARCH_USER_PATHS = NO;
				ASSETCATALOG_COMPILER_GENERATE_SWIFT_ASSET_SYMBOL_EXTENSIONS = YES;
				CLANG_ANALYZER_NONNULL = YES;
				CLANG_ANALYZER_NUMBER_OBJECT_CONVERSION = YES_AGGRESSIVE;
				CLANG_CXX_LANGUAGE_STANDARD = "gnu++20";
				CLANG_ENABLE_MODULES = YES;
				CLANG_ENABLE_OBJC_ARC = YES;
				CLANG_ENABLE_OBJC_WEAK = YES;
				CLANG_WARN_BLOCK_CAPTURE_AUTORELEASING = YES;
				CLANG_WARN_BOOL_CONVERSION = YES;
				CLANG_WARN_COMMA = YES;
				CLANG_WARN_CONSTANT_CONVERSION = YES;
				CLANG_WARN_DEPRECATED_OBJC_IMPLEMENTATIONS = YES;
				CLANG_WARN_DIRECT_OBJC_ISA_USAGE = YES_ERROR;
				CLANG_WARN_DOCUMENTATION_COMMENTS = YES;
				CLANG_WARN_EMPTY_BODY = YES;
				CLANG_WARN_ENUM_CONVERSION = YES;
				CLANG_WARN_INFINITE_RECURSION = YES;
				CLANG_WARN_INT_CONVERSION = YES;
				CLANG_WARN_NON_LITERAL_NULL_CONVERSION = YES;
				CLANG_WARN_OBJC_IMPLICIT_RETAIN_SELF = YES;
				CLANG_WARN_OBJC_LITERAL_CONVERSION = YES;
				CLANG_WARN_OBJC_ROOT_CLASS = YES_ERROR;
				CLANG_WARN_QUOTED_INCLUDE_IN_FRAMEWORK_HEADER = YES;
				CLANG_WARN_RANGE_LOOP_ANALYSIS = YES;
				CLANG_WARN_STRICT_PROTOTYPES = YES;
				CLANG_WARN_SUSPICIOUS_MOVE = YES;
				CLANG_WARN_UNGUARDED_AVAILABILITY = YES_AGGRESSIVE;
				CLANG_WARN_UNREACHABLE_CODE = YES;
				CLANG_WARN__DUPLICATE_METHOD_MATCH = YES;
				COPY_PHASE_STRIP = NO;
				DEBUG_INFORMATION_FORMAT = "dwarf-with-dsym";
				ENABLE_NS_ASSERTIONS = NO;
				ENABLE_STRICT_OBJC_MSGSEND = YES;
				ENABLE_USER_SCRIPT_SANDBOXING = YES;
				GCC_C_LANGUAGE_STANDARD = gnu17;
				GCC_NO_COMMON_BLOCKS = YES;
				GCC_WARN_64_TO_32_BIT_CONVERSION = YES;
				GCC_WARN_ABOUT_RETURN_TYPE = YES_ERROR;
				GCC_WARN_UNDECLARED_SELECTOR = YES;
				GCC_WARN_UNINITIALIZED_AUTOS = YES_AGGRESSIVE;
				GCC_WARN_UNUSED_FUNCTION = YES;
				GCC_WARN_UNUSED_VARIABLE = YES;
				IPHONEOS_DEPLOYMENT_TARGET = 17.5;
				LOCALIZATION_PREFERS_STRING_CATALOGS = YES;
				MTL_ENABLE_DEBUG_INFO = NO;
				MTL_FAST_MATH = YES;
				SDKROOT = iphoneos;
				SWIFT_COMPILATION_MODE = wholemodule;
				VALIDATE_PRODUCT = YES;
			};
			name = Release;
		};
		8266A4C22C4FF168007939B1 /* Debug */ = {
			isa = XCBuildConfiguration;
			buildSettings = {
				ASSETCATALOG_COMPILER_APPICON_NAME = AppIcon;
				ASSETCATALOG_COMPILER_GLOBAL_ACCENT_COLOR_NAME = AccentColor;
				CODE_SIGN_STYLE = Automatic;
				CURRENT_PROJECT_VERSION = 1;
				DEVELOPMENT_TEAM = BMJF63URC7;
				GENERATE_INFOPLIST_FILE = YES;
				INFOPLIST_FILE = RecipeApp/Info.plist;
				INFOPLIST_KEY_UIApplicationSupportsIndirectInputEvents = YES;
				INFOPLIST_KEY_UILaunchStoryboardName = LaunchScreen;
				INFOPLIST_KEY_UISupportedInterfaceOrientations = "UIInterfaceOrientationLandscapeLeft UIInterfaceOrientationLandscapeRight UIInterfaceOrientationPortrait";
				INFOPLIST_KEY_UISupportedInterfaceOrientations_iPad = "UIInterfaceOrientationLandscapeLeft UIInterfaceOrientationLandscapeRight UIInterfaceOrientationPortrait UIInterfaceOrientationPortraitUpsideDown";
				IPHONEOS_DEPLOYMENT_TARGET = 15.0;
				LD_RUNPATH_SEARCH_PATHS = (
					"$(inherited)",
					"@executable_path/Frameworks",
				);
				MARKETING_VERSION = 1.0;
				PRODUCT_BUNDLE_IDENTIFIER = studying.RecipeApp;
				PRODUCT_NAME = "$(TARGET_NAME)";
				SUPPORTED_PLATFORMS = "iphoneos iphonesimulator";
				SUPPORTS_MACCATALYST = NO;
				SUPPORTS_MAC_DESIGNED_FOR_IPHONE_IPAD = NO;
				SUPPORTS_XR_DESIGNED_FOR_IPHONE_IPAD = NO;
				SWIFT_EMIT_LOC_STRINGS = YES;
				SWIFT_VERSION = 5.0;
				TARGETED_DEVICE_FAMILY = 1;
			};
			name = Debug;
		};
		8266A4C32C4FF168007939B1 /* Release */ = {
			isa = XCBuildConfiguration;
			buildSettings = {
				ASSETCATALOG_COMPILER_APPICON_NAME = AppIcon;
				ASSETCATALOG_COMPILER_GLOBAL_ACCENT_COLOR_NAME = AccentColor;
				CODE_SIGN_STYLE = Automatic;
				CURRENT_PROJECT_VERSION = 1;
				DEVELOPMENT_TEAM = BMJF63URC7;
				GENERATE_INFOPLIST_FILE = YES;
				INFOPLIST_FILE = RecipeApp/Info.plist;
				INFOPLIST_KEY_UIApplicationSupportsIndirectInputEvents = YES;
				INFOPLIST_KEY_UILaunchStoryboardName = LaunchScreen;
				INFOPLIST_KEY_UISupportedInterfaceOrientations = "UIInterfaceOrientationLandscapeLeft UIInterfaceOrientationLandscapeRight UIInterfaceOrientationPortrait";
				INFOPLIST_KEY_UISupportedInterfaceOrientations_iPad = "UIInterfaceOrientationLandscapeLeft UIInterfaceOrientationLandscapeRight UIInterfaceOrientationPortrait UIInterfaceOrientationPortraitUpsideDown";
				IPHONEOS_DEPLOYMENT_TARGET = 15.0;
				LD_RUNPATH_SEARCH_PATHS = (
					"$(inherited)",
					"@executable_path/Frameworks",
				);
				MARKETING_VERSION = 1.0;
				PRODUCT_BUNDLE_IDENTIFIER = studying.RecipeApp;
				PRODUCT_NAME = "$(TARGET_NAME)";
				SUPPORTED_PLATFORMS = "iphoneos iphonesimulator";
				SUPPORTS_MACCATALYST = NO;
				SUPPORTS_MAC_DESIGNED_FOR_IPHONE_IPAD = NO;
				SUPPORTS_XR_DESIGNED_FOR_IPHONE_IPAD = NO;
				SWIFT_EMIT_LOC_STRINGS = YES;
				SWIFT_VERSION = 5.0;
				TARGETED_DEVICE_FAMILY = 1;
			};
			name = Release;
		};
/* End XCBuildConfiguration section */

/* Begin XCConfigurationList section */
		8266A4A82C4FF162007939B1 /* Build configuration list for PBXProject "RecipeApp" */ = {
			isa = XCConfigurationList;
			buildConfigurations = (
				8266A4BF2C4FF168007939B1 /* Debug */,
				8266A4C02C4FF168007939B1 /* Release */,
			);
			defaultConfigurationIsVisible = 0;
			defaultConfigurationName = Release;
		};
		8266A4C12C4FF168007939B1 /* Build configuration list for PBXNativeTarget "RecipeApp" */ = {
			isa = XCConfigurationList;
			buildConfigurations = (
				8266A4C22C4FF168007939B1 /* Debug */,
				8266A4C32C4FF168007939B1 /* Release */,
			);
			defaultConfigurationIsVisible = 0;
			defaultConfigurationName = Release;
		};
/* End XCConfigurationList section */

/* Begin XCVersionGroup section */
		82A44DA62C5269F500324CF6 /* DataModel.xcdatamodeld */ = {
			isa = XCVersionGroup;
			children = (
				82A44DA72C5269F500324CF6 /* DataModel.xcdatamodel */,
			);
			currentVersion = 82A44DA72C5269F500324CF6 /* DataModel.xcdatamodel */;
			path = DataModel.xcdatamodeld;
			sourceTree = "<group>";
			versionGroupType = wrapper.xcdatamodel;
		};
/* End XCVersionGroup section */
	};
	rootObject = 8266A4A52C4FF162007939B1 /* Project object */;
}
